
Microsoft Visual Studio Solution File, Format Version 12.00
# Visual Studio Version 17
VisualStudioVersion = 17.12.35707.178
MinimumVisualStudioVersion = 10.0.40219.1
Project("{FAE04EC0-301F-11D3-BF4B-00C04F79EFBC}") = "WebA", "WebA\WebA.csproj", "{4B69CA40-44CF-437D-9229-09D2E7431989}"
EndProject
Project("{FAE04EC0-301F-11D3-BF4B-00C04F79EFBC}") = "labTW.BusinessLogic", "BusinessLogic\labTW.BusinessLogic.csproj", "{A8F1F915-7C3D-48D1-861A-1BAD42587B7B}"
EndProject
Project("{FAE04EC0-301F-11D3-BF4B-00C04F79EFBC}") = "labTW.Domain", "labTW.Domain\labTW.Domain.csproj", "{B6BC5F71-42DC-4FF8-AE71-3F9036D2AD40}"
EndProject
Project("{FAE04EC0-301F-11D3-BF4B-00C04F79EFBC}") = "labTW.Helpers", "labTW.Helpers\labTW.Helpers.csproj", "{50CF6F6D-CC02-4385-8AA0-4DB8F57B742C}"
EndProject
Project("{FAE04EC0-301F-11D3-BF4B-00C04F79EFBC}") = "tweb.DAL", "tweb.DAL\tweb.DAL.csproj", "{8A094E1D-C6C6-478F-A66C-DD4F49D62ACA}"
EndProject
Project("{FAE04EC0-301F-11D3-BF4B-00C04F79EFBC}") = "TwebDAL.Migrator", "TwebDAL.Migrator\TwebDAL.Migrator.csproj", "{6C555C51-4DD7-4B97-9084-979DAF26A42C}"
EndProject
Global
	GlobalSection(SolutionConfigurationPlatforms) = preSolution
		Debug|Any CPU = Debug|Any CPU
		Release|Any CPU = Release|Any CPU
	EndGlobalSection
	GlobalSection(ProjectConfigurationPlatforms) = postSolution
		{4B69CA40-44CF-437D-9229-09D2E7431989}.Debug|Any CPU.ActiveCfg = Debug|Any CPU
		{4B69CA40-44CF-437D-9229-09D2E7431989}.Debug|Any CPU.Build.0 = Debug|Any CPU
		{4B69CA40-44CF-437D-9229-09D2E7431989}.Release|Any CPU.ActiveCfg = Release|Any CPU
		{4B69CA40-44CF-437D-9229-09D2E7431989}.Release|Any CPU.Build.0 = Release|Any CPU
		{A8F1F915-7C3D-48D1-861A-1BAD42587B7B}.Debug|Any CPU.ActiveCfg = Debug|Any CPU
		{A8F1F915-7C3D-48D1-861A-1BAD42587B7B}.Debug|Any CPU.Build.0 = Debug|Any CPU
		{A8F1F915-7C3D-48D1-861A-1BAD42587B7B}.Release|Any CPU.ActiveCfg = Release|Any CPU
		{A8F1F915-7C3D-48D1-861A-1BAD42587B7B}.Release|Any CPU.Build.0 = Release|Any CPU
		{B6BC5F71-42DC-4FF8-AE71-3F9036D2AD40}.Debug|Any CPU.ActiveCfg = Debug|Any CPU
		{B6BC5F71-42DC-4FF8-AE71-3F9036D2AD40}.Debug|Any CPU.Build.0 = Debug|Any CPU
		{B6BC5F71-42DC-4FF8-AE71-3F9036D2AD40}.Release|Any CPU.ActiveCfg = Release|Any CPU
		{B6BC5F71-42DC-4FF8-AE71-3F9036D2AD40}.Release|Any CPU.Build.0 = Release|Any CPU
		{50CF6F6D-CC02-4385-8AA0-4DB8F57B742C}.Debug|Any CPU.ActiveCfg = Debug|Any CPU
		{50CF6F6D-CC02-4385-8AA0-4DB8F57B742C}.Debug|Any CPU.Build.0 = Debug|Any CPU
		{50CF6F6D-CC02-4385-8AA0-4DB8F57B742C}.Release|Any CPU.ActiveCfg = Release|Any CPU
		{50CF6F6D-CC02-4385-8AA0-4DB8F57B742C}.Release|Any CPU.Build.0 = Release|Any CPU
		{8A094E1D-C6C6-478F-A66C-DD4F49D62ACA}.Debug|Any CPU.ActiveCfg = Debug|Any CPU
		{8A094E1D-C6C6-478F-A66C-DD4F49D62ACA}.Debug|Any CPU.Build.0 = Debug|Any CPU
		{8A094E1D-C6C6-478F-A66C-DD4F49D62ACA}.Release|Any CPU.ActiveCfg = Release|Any CPU
		{8A094E1D-C6C6-478F-A66C-DD4F49D62ACA}.Release|Any CPU.Build.0 = Release|Any CPU
		{6C555C51-4DD7-4B97-9084-979DAF26A42C}.Debug|Any CPU.ActiveCfg = Debug|Any CPU
		{6C555C51-4DD7-4B97-9084-979DAF26A42C}.Debug|Any CPU.Build.0 = Debug|Any CPU
		{6C555C51-4DD7-4B97-9084-979DAF26A42C}.Release|Any CPU.ActiveCfg = Release|Any CPU
		{6C555C51-4DD7-4B97-9084-979DAF26A42C}.Release|Any CPU.Build.0 = Release|Any CPU
	EndGlobalSection
	GlobalSection(SolutionProperties) = preSolution
		HideSolutionNode = FALSE
	EndGlobalSection
	GlobalSection(ExtensibilityGlobals) = postSolution
		SolutionGuid = {630E1241-6F09-4220-8B8C-692004810375}
	EndGlobalSection
EndGlobal
